// !$*UTF8*$!
{
	archiveVersion = 1;
	classes = {
	};
	objectVersion = 46;
	objects = {

/* Begin PBXBuildFile section */
		452A3A8D1A9E62F600C8D29A /* SquareView.swift in Sources */ = {isa = PBXBuildFile; fileRef = 452A3A8C1A9E62F600C8D29A /* SquareView.swift */; };
		457949451A9BBA5C00FACC7E /* AppDelegate.swift in Sources */ = {isa = PBXBuildFile; fileRef = 457949441A9BBA5C00FACC7E /* AppDelegate.swift */; };
		457949471A9BBA5C00FACC7E /* ViewController.swift in Sources */ = {isa = PBXBuildFile; fileRef = 457949461A9BBA5C00FACC7E /* ViewController.swift */; };
		4579494C1A9BBA5C00FACC7E /* Images.xcassets in Resources */ = {isa = PBXBuildFile; fileRef = 4579494B1A9BBA5C00FACC7E /* Images.xcassets */; };
		4579494F1A9BBA5C00FACC7E /* LaunchScreen.xib in Resources */ = {isa = PBXBuildFile; fileRef = 4579494D1A9BBA5C00FACC7E /* LaunchScreen.xib */; };
		4579495B1A9BBA5C00FACC7E /* CodeViewsTests.swift in Sources */ = {isa = PBXBuildFile; fileRef = 4579495A1A9BBA5C00FACC7E /* CodeViewsTests.swift */; };
/* End PBXBuildFile section */

/* Begin PBXContainerItemProxy section */
		457949551A9BBA5C00FACC7E /* PBXContainerItemProxy */ = {
			isa = PBXContainerItemProxy;
			containerPortal = 457949371A9BBA5C00FACC7E /* Project object */;
			proxyType = 1;
			remoteGlobalIDString = 4579493E1A9BBA5C00FACC7E;
			remoteInfo = CodeViews;
		};
/* End PBXContainerItemProxy section */

/* Begin PBXFileReference section */
		4513588E1AA12F1C00664E6B /* LICENSE */ = {isa = PBXFileReference; lastKnownFileType = text; path = LICENSE; sourceTree = SOURCE_ROOT; };
		4513588F1AA12F1C00664E6B /* README.md */ = {isa = PBXFileReference; lastKnownFileType = net.daringfireball.markdown; path = README.md; sourceTree = SOURCE_ROOT; };
		452A3A8C1A9E62F600C8D29A /* SquareView.swift */ = {isa = PBXFileReference; fileEncoding = 4; lastKnownFileType = sourcecode.swift; path = SquareView.swift; sourceTree = "<group>"; };
		4579493F1A9BBA5C00FACC7E /* CodeViews.app */ = {isa = PBXFileReference; explicitFileType = wrapper.application; includeInIndex = 0; path = CodeViews.app; sourceTree = BUILT_PRODUCTS_DIR; };
		457949431A9BBA5C00FACC7E /* Info.plist */ = {isa = PBXFileReference; lastKnownFileType = text.plist.xml; path = Info.plist; sourceTree = "<group>"; };
		457949441A9BBA5C00FACC7E /* AppDelegate.swift */ = {isa = PBXFileReference; lastKnownFileType = sourcecode.swift; path = AppDelegate.swift; sourceTree = "<group>"; };
		457949461A9BBA5C00FACC7E /* ViewController.swift */ = {isa = PBXFileReference; lastKnownFileType = sourcecode.swift; path = ViewController.swift; sourceTree = "<group>"; };
		4579494B1A9BBA5C00FACC7E /* Images.xcassets */ = {isa = PBXFileReference; lastKnownFileType = folder.assetcatalog; path = Images.xcassets; sourceTree = "<group>"; };
		4579494E1A9BBA5C00FACC7E /* Base */ = {isa = PBXFileReference; lastKnownFileType = file.xib; name = Base; path = Base.lproj/LaunchScreen.xib; sourceTree = "<group>"; };
		457949541A9BBA5C00FACC7E /* CodeViewsTests.xctest */ = {isa = PBXFileReference; explicitFileType = wrapper.cfbundle; includeInIndex = 0; path = CodeViewsTests.xctest; sourceTree = BUILT_PRODUCTS_DIR; };
		457949591A9BBA5C00FACC7E /* Info.plist */ = {isa = PBXFileReference; lastKnownFileType = text.plist.xml; path = Info.plist; sourceTree = "<group>"; };
		4579495A1A9BBA5C00FACC7E /* CodeViewsTests.swift */ = {isa = PBXFileReference; lastKnownFileType = sourcecode.swift; path = CodeViewsTests.swift; sourceTree = "<group>"; };
/* End PBXFileReference section */

/* Begin PBXFrameworksBuildPhase section */
		4579493C1A9BBA5C00FACC7E /* Frameworks */ = {
			isa = PBXFrameworksBuildPhase;
			buildActionMask = 2147483647;
			files = (
			);
			runOnlyForDeploymentPostprocessing = 0;
		};
		457949511A9BBA5C00FACC7E /* Frameworks */ = {
			isa = PBXFrameworksBuildPhase;
			buildActionMask = 2147483647;
			files = (
			);
			runOnlyForDeploymentPostprocessing = 0;
		};
/* End PBXFrameworksBuildPhase section */

/* Begin PBXGroup section */
		457949361A9BBA5C00FACC7E = {
			isa = PBXGroup;
			children = (
				457949411A9BBA5C00FACC7E /* CodeViews */,
				457949571A9BBA5C00FACC7E /* CodeViewsTests */,
				457949401A9BBA5C00FACC7E /* Products */,
			);
			sourceTree = "<group>";
		};
		457949401A9BBA5C00FACC7E /* Products */ = {
			isa = PBXGroup;
			children = (
				4579493F1A9BBA5C00FACC7E /* CodeViews.app */,
				457949541A9BBA5C00FACC7E /* CodeViewsTests.xctest */,
			);
			name = Products;
			sourceTree = "<group>";
		};
		457949411A9BBA5C00FACC7E /* CodeViews */ = {
			isa = PBXGroup;
			children = (
				4513588E1AA12F1C00664E6B /* LICENSE */,
				4513588F1AA12F1C00664E6B /* README.md */,
				457949441A9BBA5C00FACC7E /* AppDelegate.swift */,
				457949461A9BBA5C00FACC7E /* ViewController.swift */,
				452A3A8C1A9E62F600C8D29A /* SquareView.swift */,
				4579494B1A9BBA5C00FACC7E /* Images.xcassets */,
				4579494D1A9BBA5C00FACC7E /* LaunchScreen.xib */,
				457949421A9BBA5C00FACC7E /* Supporting Files */,
			);
			path = CodeViews;
			sourceTree = "<group>";
		};
		457949421A9BBA5C00FACC7E /* Supporting Files */ = {
			isa = PBXGroup;
			children = (
				457949431A9BBA5C00FACC7E /* Info.plist */,
			);
			name = "Supporting Files";
			sourceTree = "<group>";
		};
		457949571A9BBA5C00FACC7E /* CodeViewsTests */ = {
			isa = PBXGroup;
			children = (
				4579495A1A9BBA5C00FACC7E /* CodeViewsTests.swift */,
				457949581A9BBA5C00FACC7E /* Supporting Files */,
			);
			path = CodeViewsTests;
			sourceTree = "<group>";
		};
		457949581A9BBA5C00FACC7E /* Supporting Files */ = {
			isa = PBXGroup;
			children = (
				457949591A9BBA5C00FACC7E /* Info.plist */,
			);
			name = "Supporting Files";
			sourceTree = "<group>";
		};
/* End PBXGroup section */

/* Begin PBXNativeTarget section */
		4579493E1A9BBA5C00FACC7E /* CodeViews */ = {
			isa = PBXNativeTarget;
			buildConfigurationList = 4579495E1A9BBA5C00FACC7E /* Build configuration list for PBXNativeTarget "CodeViews" */;
			buildPhases = (
				4579493B1A9BBA5C00FACC7E /* Sources */,
				4579493C1A9BBA5C00FACC7E /* Frameworks */,
				4579493D1A9BBA5C00FACC7E /* Resources */,
			);
			buildRules = (
			);
			dependencies = (
			);
			name = CodeViews;
			productName = CodeViews;
			productReference = 4579493F1A9BBA5C00FACC7E /* CodeViews.app */;
			productType = "com.apple.product-type.application";
		};
		457949531A9BBA5C00FACC7E /* CodeViewsTests */ = {
			isa = PBXNativeTarget;
			buildConfigurationList = 457949611A9BBA5C00FACC7E /* Build configuration list for PBXNativeTarget "CodeViewsTests" */;
			buildPhases = (
				457949501A9BBA5C00FACC7E /* Sources */,
				457949511A9BBA5C00FACC7E /* Frameworks */,
				457949521A9BBA5C00FACC7E /* Resources */,
			);
			buildRules = (
			);
			dependencies = (
				457949561A9BBA5C00FACC7E /* PBXTargetDependency */,
			);
			name = CodeViewsTests;
			productName = CodeViewsTests;
			productReference = 457949541A9BBA5C00FACC7E /* CodeViewsTests.xctest */;
			productType = "com.apple.product-type.bundle.unit-test";
		};
/* End PBXNativeTarget section */

/* Begin PBXProject section */
		457949371A9BBA5C00FACC7E /* Project object */ = {
			isa = PBXProject;
			attributes = {
				LastSwiftMigration = 0720;
				LastSwiftUpdateCheck = 0720;
				LastUpgradeCheck = 0720;
				ORGANIZATIONNAME = "ExtremeBytes Software";
				TargetAttributes = {
					4579493E1A9BBA5C00FACC7E = {
						CreatedOnToolsVersion = 6.1.1;
					};
					457949531A9BBA5C00FACC7E = {
						CreatedOnToolsVersion = 6.1.1;
						TestTargetID = 4579493E1A9BBA5C00FACC7E;
					};
				};
			};
			buildConfigurationList = 4579493A1A9BBA5C00FACC7E /* Build configuration list for PBXProject "CodeViews" */;
			compatibilityVersion = "Xcode 3.2";
			developmentRegion = English;
			hasScannedForEncodings = 0;
			knownRegions = (
				en,
				Base,
			);
			mainGroup = 457949361A9BBA5C00FACC7E;
			productRefGroup = 457949401A9BBA5C00FACC7E /* Products */;
			projectDirPath = "";
			projectRoot = "";
			targets = (
				4579493E1A9BBA5C00FACC7E /* CodeViews */,
				457949531A9BBA5C00FACC7E /* CodeViewsTests */,
			);
		};
/* End PBXProject section */

/* Begin PBXResourcesBuildPhase section */
		4579493D1A9BBA5C00FACC7E /* Resources */ = {
			isa = PBXResourcesBuildPhase;
			buildActionMask = 2147483647;
			files = (
				4579494F1A9BBA5C00FACC7E /* LaunchScreen.xib in Resources */,
				4579494C1A9BBA5C00FACC7E /* Images.xcassets in Resources */,
			);
			runOnlyForDeploymentPostprocessing = 0;
		};
		457949521A9BBA5C00FACC7E /* Resources */ = {
			isa = PBXResourcesBuildPhase;
			buildActionMask = 2147483647;
			files = (
			);
			runOnlyForDeploymentPostprocessing = 0;
		};
/* End PBXResourcesBuildPhase section */

/* Begin PBXSourcesBuildPhase section */
		4579493B1A9BBA5C00FACC7E /* Sources */ = {
			isa = PBXSourcesBuildPhase;
			buildActionMask = 2147483647;
			files = (
				452A3A8D1A9E62F600C8D29A /* SquareView.swift in Sources */,
				457949471A9BBA5C00FACC7E /* ViewController.swift in Sources */,
				457949451A9BBA5C00FACC7E /* AppDelegate.swift in Sources */,
			);
			runOnlyForDeploymentPostprocessing = 0;
		};
		457949501A9BBA5C00FACC7E /* Sources */ = {
			isa = PBXSourcesBuildPhase;
			buildActionMask = 2147483647;
			files = (
				4579495B1A9BBA5C00FACC7E /* CodeViewsTests.swift in Sources */,
			);
			runOnlyForDeploymentPostprocessing = 0;
		};
/* End PBXSourcesBuildPhase section */

/* Begin PBXTargetDependency section */
		457949561A9BBA5C00FACC7E /* PBXTargetDependency */ = {
			isa = PBXTargetDependency;
			target = 4579493E1A9BBA5C00FACC7E /* CodeViews */;
			targetProxy = 457949551A9BBA5C00FACC7E /* PBXContainerItemProxy */;
		};
/* End PBXTargetDependency section */

/* Begin PBXVariantGroup section */
		4579494D1A9BBA5C00FACC7E /* LaunchScreen.xib */ = {
			isa = PBXVariantGroup;
			children = (
				4579494E1A9BBA5C00FACC7E /* Base */,
			);
			name = LaunchScreen.xib;
			sourceTree = "<group>";
		};
/* End PBXVariantGroup section */

/* Begin XCBuildConfiguration section */
		4579495C1A9BBA5C00FACC7E /* Debug */ = {
			isa = XCBuildConfiguration;
			buildSettings = {
				ALWAYS_SEARCH_USER_PATHS = NO;
				CLANG_CXX_LANGUAGE_STANDARD = "gnu++0x";
				CLANG_CXX_LIBRARY = "libc++";
				CLANG_ENABLE_MODULES = YES;
				CLANG_ENABLE_OBJC_ARC = YES;
				CLANG_WARN_BOOL_CONVERSION = YES;
				CLANG_WARN_CONSTANT_CONVERSION = YES;
				CLANG_WARN_DIRECT_OBJC_ISA_USAGE = YES_ERROR;
				CLANG_WARN_EMPTY_BODY = YES;
				CLANG_WARN_ENUM_CONVERSION = YES;
				CLANG_WARN_INT_CONVERSION = YES;
				CLANG_WARN_OBJC_ROOT_CLASS = YES_ERROR;
				CLANG_WARN_UNREACHABLE_CODE = YES;
				CLANG_WARN__DUPLICATE_METHOD_MATCH = YES;
				"CODE_SIGN_IDENTITY[sdk=iphoneos*]" = "iPhone Developer";
				COPY_PHASE_STRIP = NO;
				ENABLE_STRICT_OBJC_MSGSEND = YES;
				ENABLE_TESTABILITY = YES;
				GCC_C_LANGUAGE_STANDARD = gnu99;
				GCC_DYNAMIC_NO_PIC = NO;
				GCC_OPTIMIZATION_LEVEL = 0;
				GCC_PREPROCESSOR_DEFINITIONS = (
					"DEBUG=1",
					"$(inherited)",
				);
				GCC_SYMBOLS_PRIVATE_EXTERN = NO;
				GCC_WARN_64_TO_32_BIT_CONVERSION = YES;
				GCC_WARN_ABOUT_RETURN_TYPE = YES_ERROR;
				GCC_WARN_UNDECLARED_SELECTOR = YES;
				GCC_WARN_UNINITIALIZED_AUTOS = YES_AGGRESSIVE;
				GCC_WARN_UNUSED_FUNCTION = YES;
				GCC_WARN_UNUSED_VARIABLE = YES;
				IPHONEOS_DEPLOYMENT_TARGET = 8.1;
				MTL_ENABLE_DEBUG_INFO = YES;
				ONLY_ACTIVE_ARCH = YES;
				SDKROOT = iphoneos;
				SWIFT_OPTIMIZATION_LEVEL = "-Onone";
			};
			name = Debug;
		};
		4579495D1A9BBA5C00FACC7E /* Release */ = {
			isa = XCBuildConfiguration;
			buildSettings = {
				ALWAYS_SEARCH_USER_PATHS = NO;
				CLANG_CXX_LANGUAGE_STANDARD = "gnu++0x";
				CLANG_CXX_LIBRARY = "libc++";
				CLANG_ENABLE_MODULES = YES;
				CLANG_ENABLE_OBJC_ARC = YES;
				CLANG_WARN_BOOL_CONVERSION = YES;
				CLANG_WARN_CONSTANT_CONVERSION = YES;
				CLANG_WARN_DIRECT_OBJC_ISA_USAGE = YES_ERROR;
				CLANG_WARN_EMPTY_BODY = YES;
				CLANG_WARN_ENUM_CONVERSION = YES;
				CLANG_WARN_INT_CONVERSION = YES;
				CLANG_WARN_OBJC_ROOT_CLASS = YES_ERROR;
				CLANG_WARN_UNREACHABLE_CODE = YES;
				CLANG_WARN__DUPLICATE_METHOD_MATCH = YES;
				"CODE_SIGN_IDENTITY[sdk=iphoneos*]" = "iPhone Developer";
				COPY_PHASE_STRIP = YES;
				ENABLE_NS_ASSERTIONS = NO;
				ENABLE_STRICT_OBJC_MSGSEND = YES;
				GCC_C_LANGUAGE_STANDARD = gnu99;
				GCC_WARN_64_TO_32_BIT_CONVERSION = YES;
				GCC_WARN_ABOUT_RETURN_TYPE = YES_ERROR;
				GCC_WARN_UNDECLARED_SELECTOR = YES;
				GCC_WARN_UNINITIALIZED_AUTOS = YES_AGGRESSIVE;
				GCC_WARN_UNUSED_FUNCTION = YES;
				GCC_WARN_UNUSED_VARIABLE = YES;
				IPHONEOS_DEPLOYMENT_TARGET = 8.1;
				MTL_ENABLE_DEBUG_INFO = NO;
				SDKROOT = iphoneos;
				VALIDATE_PRODUCT = YES;
			};
			name = Release;
		};
		4579495F1A9BBA5C00FACC7E /* Debug */ = {
			isa = XCBuildConfiguration;
			buildSettings = {
				ASSETCATALOG_COMPILER_APPICON_NAME = AppIcon;
				INFOPLIST_FILE = CodeViews/Info.plist;
				LD_RUNPATH_SEARCH_PATHS = "$(inherited) @executable_path/Frameworks";
				PRODUCT_BUNDLE_IDENTIFIER = "com.extremebytes.$(PRODUCT_NAME:rfc1034identifier)";
				PRODUCT_NAME = "$(TARGET_NAME)";
			};
			name = Debug;
		};
		457949601A9BBA5C00FACC7E /* Release */ = {
			isa = XCBuildConfiguration;
			buildSettings = {
				ASSETCATALOG_COMPILER_APPICON_NAME = AppIcon;
				INFOPLIST_FILE = CodeViews/Info.plist;
				LD_RUNPATH_SEARCH_PATHS = "$(inherited) @executable_path/Frameworks";
				PRODUCT_BUNDLE_IDENTIFIER = "com.extremebytes.$(PRODUCT_NAME:rfc1034identifier)";
				PRODUCT_NAME = "$(TARGET_NAME)";
			};
			name = Release;
		};
		457949621A9BBA5C00FACC7E /* Debug */ = {
			isa = XCBuildConfiguration;
			buildSettings = {
				BUNDLE_LOADER = "$(TEST_HOST)";
				FRAMEWORK_SEARCH_PATHS = (
					"$(SDKROOT)/Developer/Library/Frameworks",
					"$(inherited)",
				);
				GCC_PREPROCESSOR_DEFINITIONS = (
					"DEBUG=1",
					"$(inherited)",
				);
				INFOPLIST_FILE = CodeViewsTests/Info.plist;
				LD_RUNPATH_SEARCH_PATHS = "$(inherited) @executable_path/Frameworks @loader_path/Frameworks";
				PRODUCT_BUNDLE_IDENTIFIER = "com.extremebytes.$(PRODUCT_NAME:rfc1034identifier)";
				PRODUCT_NAME = "$(TARGET_NAME)";
				TEST_HOST = "$(BUILT_PRODUCTS_DIR)/CodeViews.app/CodeViews";
			};
			name = Debug;
		};
		457949631A9BBA5C00FACC7E /* Release */ = {
			isa = XCBuildConfiguration;
			buildSettings = {
				BUNDLE_LOADER = "$(TEST_HOST)";
				FRAMEWORK_SEARCH_PATHS = (
					"$(SDKROOT)/Developer/Library/Frameworks",
					"$(inherited)",
				);
				INFOPLIST_FILE = CodeViewsTests/Info.plist;
				LD_RUNPATH_SEARCH_PATHS = "$(inherited) @executable_path/Frameworks @loader_path/Frameworks";
				PRODUCT_BUNDLE_IDENTIFIER = "com.extremebytes.$(PRODUCT_NAME:rfc1034identifier)";
				PRODUCT_NAME = "$(TARGET_NAME)";
				TEST_HOST = "$(BUILT_PRODUCTS_DIR)/CodeViews.app/CodeViews";
			};
			name = Release;
		};
/* End XCBuildConfiguration section */

/* Begin XCConfigurationList section */
		4579493A1A9BBA5C00FACC7E /* Build configuration list for PBXProject "CodeViews" */ = {
			isa = XCConfigurationList;
			buildConfigurations = (
				4579495C1A9BBA5C00FACC7E /* Debug */,
				4579495D1A9BBA5C00FACC7E /* Release */,
			);
			defaultConfigurationIsVisible = 0;
			defaultConfigurationName = Release;
		};
		4579495E1A9BBA5C00FACC7E /* Build configuration list for PBXNativeTarget "CodeViews" */ = {
			isa = XCConfigurationList;
			buildConfigurations = (
				4579495F1A9BBA5C00FACC7E /* Debug */,
				457949601A9BBA5C00FACC7E /* Release */,
			);
			defaultConfigurationIsVisible = 0;
			defaultConfigurationName = Release;
		};
		457949611A9BBA5C00FACC7E /* Build configuration list for PBXNativeTarget "CodeViewsTests" */ = {
			isa = XCConfigurationList;
			buildConfigurations = (
				457949621A9BBA5C00FACC7E /* Debug */,
				457949631A9BBA5C00FACC7E /* Release */,
			);
			defaultConfigurationIsVisible = 0;
			defaultConfigurationName = Release;
		};
/* End XCConfigurationList section */
	};
	rootObject = 457949371A9BBA5C00FACC7E /* Project object */;
}
